// !$*UTF8*$!
{
	archiveVersion = 1;
	classes = {
	};
	objectVersion = 55;
	objects = {

/* Begin PBXBuildFile section */
		68654A5F27218CA00023559A /* APIClient.swift in Sources */ = {isa = PBXBuildFile; fileRef = 68654A5E27218CA00023559A /* APIClient.swift */; };
		68654A6127218EBC0023559A /* APIEnvironment.swift in Sources */ = {isa = PBXBuildFile; fileRef = 68654A6027218EBC0023559A /* APIEnvironment.swift */; };
		68654A632721CE940023559A /* PostRequestTests.swift in Sources */ = {isa = PBXBuildFile; fileRef = 68654A622721CE940023559A /* PostRequestTests.swift */; };
		68654A652721CF000023559A /* JsonData.swift in Sources */ = {isa = PBXBuildFile; fileRef = 68654A642721CF000023559A /* JsonData.swift */; };
		68654A692722C5D50023559A /* Swifter in Frameworks */ = {isa = PBXBuildFile; productRef = 68654A682722C5D50023559A /* Swifter */; };
		68654A6C2722D6B90023559A /* APIClientTests.swift in Sources */ = {isa = PBXBuildFile; fileRef = 68654A6B2722D6B90023559A /* APIClientTests.swift */; };
		68654A772722D9610023559A /* Color+Catsgram.swift in Sources */ = {isa = PBXBuildFile; fileRef = 68654A752722D9610023559A /* Color+Catsgram.swift */; };
		68654A792722DA0A0023559A /* LoginSignupView.swift in Sources */ = {isa = PBXBuildFile; fileRef = 68654A782722DA0A0023559A /* LoginSignupView.swift */; };
		68654A7B2722DB570023559A /* UserAuthentication.swift in Sources */ = {isa = PBXBuildFile; fileRef = 68654A7A2722DB570023559A /* UserAuthentication.swift */; };
		68654A7D2722DE5A0023559A /* UserRequests.swift in Sources */ = {isa = PBXBuildFile; fileRef = 68654A7C2722DE5A0023559A /* UserRequests.swift */; };
		68654A802722ED610023559A /* AppTitle.swift in Sources */ = {isa = PBXBuildFile; fileRef = 68654A7F2722ED610023559A /* AppTitle.swift */; };
		68654A822722F1E50023559A /* CoolStoryregular.ttf in Resources */ = {isa = PBXBuildFile; fileRef = 68654A812722EF280023559A /* CoolStoryregular.ttf */; };
		68654A832722F2000023559A /* CoolStoryregular.ttf in Resources */ = {isa = PBXBuildFile; fileRef = 68654A812722EF280023559A /* CoolStoryregular.ttf */; };
		68D5BBFE27217594002B5012 /* CatsgramApp.swift in Sources */ = {isa = PBXBuildFile; fileRef = 68D5BBFD27217594002B5012 /* CatsgramApp.swift */; };
		68D5BC0027217594002B5012 /* MainView.swift in Sources */ = {isa = PBXBuildFile; fileRef = 68D5BBFF27217594002B5012 /* MainView.swift */; };
		68D5BC0227217597002B5012 /* Assets.xcassets in Resources */ = {isa = PBXBuildFile; fileRef = 68D5BC0127217597002B5012 /* Assets.xcassets */; };
		68D5BC0527217597002B5012 /* Preview Assets.xcassets in Resources */ = {isa = PBXBuildFile; fileRef = 68D5BC0427217597002B5012 /* Preview Assets.xcassets */; };
		68D5BC1927217598002B5012 /* CatsgramUITests.swift in Sources */ = {isa = PBXBuildFile; fileRef = 68D5BC1827217598002B5012 /* CatsgramUITests.swift */; };
		68D5BC1B27217598002B5012 /* CatsgramUITestsLaunchTests.swift in Sources */ = {isa = PBXBuildFile; fileRef = 68D5BC1A27217598002B5012 /* CatsgramUITestsLaunchTests.swift */; };
		68D5BC28272175F7002B5012 /* Post.swift in Sources */ = {isa = PBXBuildFile; fileRef = 68D5BC27272175F7002B5012 /* Post.swift */; };
		68D5BC2A272176C4002B5012 /* APIRequest.swift in Sources */ = {isa = PBXBuildFile; fileRef = 68D5BC29272176C4002B5012 /* APIRequest.swift */; };
		68E6F2572726D55C00384621 /* FeedView.swift in Sources */ = {isa = PBXBuildFile; fileRef = 68E6F2562726D55C00384621 /* FeedView.swift */; };
		68E6F2592726EABD00384621 /* Feed.swift in Sources */ = {isa = PBXBuildFile; fileRef = 68E6F2582726EABD00384621 /* Feed.swift */; };
		68E6F25B2726F43B00384621 /* FeedCell.swift in Sources */ = {isa = PBXBuildFile; fileRef = 68E6F25A2726F43B00384621 /* FeedCell.swift */; };
		68E6F25D272711FC00384621 /* CommentCell.swift in Sources */ = {isa = PBXBuildFile; fileRef = 68E6F25C272711FC00384621 /* CommentCell.swift */; };
		68E6F26227271CB100384621 /* TakePhotoViewController.swift in Sources */ = {isa = PBXBuildFile; fileRef = 68E6F26127271CB100384621 /* TakePhotoViewController.swift */; };
		68E6F2642727290100384621 /* TakePhotoStoryboard.storyboard in Resources */ = {isa = PBXBuildFile; fileRef = 68E6F2632727290100384621 /* TakePhotoStoryboard.storyboard */; };
		68E6F268272733E100384621 /* CreatePostView.swift in Sources */ = {isa = PBXBuildFile; fileRef = 68E6F267272733E100384621 /* CreatePostView.swift */; };
		68E6F26A272737AE00384621 /* UserData.swift in Sources */ = {isa = PBXBuildFile; fileRef = 68E6F269272737AE00384621 /* UserData.swift */; };
		68E6F26C27281A0100384621 /* CameraPreviewView.swift in Sources */ = {isa = PBXBuildFile; fileRef = 68E6F26B27281A0100384621 /* CameraPreviewView.swift */; };
		68E6F26E27281CC800384621 /* PhotoCaptureController.swift in Sources */ = {isa = PBXBuildFile; fileRef = 68E6F26D27281CC800384621 /* PhotoCaptureController.swift */; };
		68E6F2702728507200384621 /* AddDescriptionView.swift in Sources */ = {isa = PBXBuildFile; fileRef = 68E6F26F2728507200384621 /* AddDescriptionView.swift */; };
		68E6F2722728540A00384621 /* PostController.swift in Sources */ = {isa = PBXBuildFile; fileRef = 68E6F2712728540A00384621 /* PostController.swift */; };
		68E6F274272854E300384621 /* PostRequests.swift in Sources */ = {isa = PBXBuildFile; fileRef = 68E6F273272854E300384621 /* PostRequests.swift */; };
		68E6F2762728567A00384621 /* ImageRequests.swift in Sources */ = {isa = PBXBuildFile; fileRef = 68E6F2752728567A00384621 /* ImageRequests.swift */; };
/* End PBXBuildFile section */

/* Begin PBXContainerItemProxy section */
		68D5BC0B27217598002B5012 /* PBXContainerItemProxy */ = {
			isa = PBXContainerItemProxy;
			containerPortal = 68D5BBF227217594002B5012 /* Project object */;
			proxyType = 1;
			remoteGlobalIDString = 68D5BBF927217594002B5012;
			remoteInfo = Catsgram;
		};
		68D5BC1527217598002B5012 /* PBXContainerItemProxy */ = {
			isa = PBXContainerItemProxy;
			containerPortal = 68D5BBF227217594002B5012 /* Project object */;
			proxyType = 1;
			remoteGlobalIDString = 68D5BBF927217594002B5012;
			remoteInfo = Catsgram;
		};
/* End PBXContainerItemProxy section */

/* Begin PBXFileReference section */
		68654A5E27218CA00023559A /* APIClient.swift */ = {isa = PBXFileReference; lastKnownFileType = sourcecode.swift; path = APIClient.swift; sourceTree = "<group>"; };
		68654A6027218EBC0023559A /* APIEnvironment.swift */ = {isa = PBXFileReference; lastKnownFileType = sourcecode.swift; path = APIEnvironment.swift; sourceTree = "<group>"; };
		68654A622721CE940023559A /* PostRequestTests.swift */ = {isa = PBXFileReference; lastKnownFileType = sourcecode.swift; path = PostRequestTests.swift; sourceTree = "<group>"; };
		68654A642721CF000023559A /* JsonData.swift */ = {isa = PBXFileReference; lastKnownFileType = sourcecode.swift; path = JsonData.swift; sourceTree = "<group>"; };
		68654A6A2722CF4E0023559A /* Info.plist */ = {isa = PBXFileReference; lastKnownFileType = text.plist.xml; path = Info.plist; sourceTree = "<group>"; };
		68654A6B2722D6B90023559A /* APIClientTests.swift */ = {isa = PBXFileReference; lastKnownFileType = sourcecode.swift; path = APIClientTests.swift; sourceTree = "<group>"; };
		68654A752722D9610023559A /* Color+Catsgram.swift */ = {isa = PBXFileReference; fileEncoding = 4; lastKnownFileType = sourcecode.swift; path = "Color+Catsgram.swift"; sourceTree = "<group>"; };
		68654A782722DA0A0023559A /* LoginSignupView.swift */ = {isa = PBXFileReference; lastKnownFileType = sourcecode.swift; path = LoginSignupView.swift; sourceTree = "<group>"; };
		68654A7A2722DB570023559A /* UserAuthentication.swift */ = {isa = PBXFileReference; fileEncoding = 4; lastKnownFileType = sourcecode.swift; path = UserAuthentication.swift; sourceTree = "<group>"; };
		68654A7C2722DE5A0023559A /* UserRequests.swift */ = {isa = PBXFileReference; fileEncoding = 4; lastKnownFileType = sourcecode.swift; path = UserRequests.swift; sourceTree = "<group>"; };
		68654A7F2722ED610023559A /* AppTitle.swift */ = {isa = PBXFileReference; lastKnownFileType = sourcecode.swift; path = AppTitle.swift; sourceTree = "<group>"; };
		68654A812722EF280023559A /* CoolStoryregular.ttf */ = {isa = PBXFileReference; lastKnownFileType = file; path = CoolStoryregular.ttf; sourceTree = "<group>"; };
		68D5BBFA27217594002B5012 /* Catsgram.app */ = {isa = PBXFileReference; explicitFileType = wrapper.application; includeInIndex = 0; path = Catsgram.app; sourceTree = BUILT_PRODUCTS_DIR; };
		68D5BBFD27217594002B5012 /* CatsgramApp.swift */ = {isa = PBXFileReference; lastKnownFileType = sourcecode.swift; path = CatsgramApp.swift; sourceTree = "<group>"; };
		68D5BBFF27217594002B5012 /* MainView.swift */ = {isa = PBXFileReference; lastKnownFileType = sourcecode.swift; path = MainView.swift; sourceTree = "<group>"; };
		68D5BC0127217597002B5012 /* Assets.xcassets */ = {isa = PBXFileReference; lastKnownFileType = folder.assetcatalog; path = Assets.xcassets; sourceTree = "<group>"; };
		68D5BC0427217597002B5012 /* Preview Assets.xcassets */ = {isa = PBXFileReference; lastKnownFileType = folder.assetcatalog; path = "Preview Assets.xcassets"; sourceTree = "<group>"; };
		68D5BC0A27217598002B5012 /* CatsgramTests.xctest */ = {isa = PBXFileReference; explicitFileType = wrapper.cfbundle; includeInIndex = 0; path = CatsgramTests.xctest; sourceTree = BUILT_PRODUCTS_DIR; };
		68D5BC1427217598002B5012 /* CatsgramUITests.xctest */ = {isa = PBXFileReference; explicitFileType = wrapper.cfbundle; includeInIndex = 0; path = CatsgramUITests.xctest; sourceTree = BUILT_PRODUCTS_DIR; };
		68D5BC1827217598002B5012 /* CatsgramUITests.swift */ = {isa = PBXFileReference; lastKnownFileType = sourcecode.swift; path = CatsgramUITests.swift; sourceTree = "<group>"; };
		68D5BC1A27217598002B5012 /* CatsgramUITestsLaunchTests.swift */ = {isa = PBXFileReference; lastKnownFileType = sourcecode.swift; path = CatsgramUITestsLaunchTests.swift; sourceTree = "<group>"; };
		68D5BC27272175F7002B5012 /* Post.swift */ = {isa = PBXFileReference; lastKnownFileType = sourcecode.swift; path = Post.swift; sourceTree = "<group>"; };
		68D5BC29272176C4002B5012 /* APIRequest.swift */ = {isa = PBXFileReference; lastKnownFileType = sourcecode.swift; path = APIRequest.swift; sourceTree = "<group>"; };
		68E6F2562726D55C00384621 /* FeedView.swift */ = {isa = PBXFileReference; lastKnownFileType = sourcecode.swift; path = FeedView.swift; sourceTree = "<group>"; };
		68E6F2582726EABD00384621 /* Feed.swift */ = {isa = PBXFileReference; lastKnownFileType = sourcecode.swift; path = Feed.swift; sourceTree = "<group>"; };
		68E6F25A2726F43B00384621 /* FeedCell.swift */ = {isa = PBXFileReference; lastKnownFileType = sourcecode.swift; path = FeedCell.swift; sourceTree = "<group>"; };
		68E6F25C272711FC00384621 /* CommentCell.swift */ = {isa = PBXFileReference; lastKnownFileType = sourcecode.swift; path = CommentCell.swift; sourceTree = "<group>"; };
		68E6F26127271CB100384621 /* TakePhotoViewController.swift */ = {isa = PBXFileReference; lastKnownFileType = sourcecode.swift; path = TakePhotoViewController.swift; sourceTree = "<group>"; };
		68E6F2632727290100384621 /* TakePhotoStoryboard.storyboard */ = {isa = PBXFileReference; fileEncoding = 4; lastKnownFileType = file.storyboard; path = TakePhotoStoryboard.storyboard; sourceTree = "<group>"; };
		68E6F267272733E100384621 /* CreatePostView.swift */ = {isa = PBXFileReference; lastKnownFileType = sourcecode.swift; path = CreatePostView.swift; sourceTree = "<group>"; };
		68E6F269272737AE00384621 /* UserData.swift */ = {isa = PBXFileReference; lastKnownFileType = sourcecode.swift; path = UserData.swift; sourceTree = "<group>"; };
		68E6F26B27281A0100384621 /* CameraPreviewView.swift */ = {isa = PBXFileReference; fileEncoding = 4; lastKnownFileType = sourcecode.swift; path = CameraPreviewView.swift; sourceTree = "<group>"; };
		68E6F26D27281CC800384621 /* PhotoCaptureController.swift */ = {isa = PBXFileReference; fileEncoding = 4; lastKnownFileType = sourcecode.swift; path = PhotoCaptureController.swift; sourceTree = "<group>"; };
		68E6F26F2728507200384621 /* AddDescriptionView.swift */ = {isa = PBXFileReference; fileEncoding = 4; lastKnownFileType = sourcecode.swift; path = AddDescriptionView.swift; sourceTree = "<group>"; };
		68E6F2712728540A00384621 /* PostController.swift */ = {isa = PBXFileReference; fileEncoding = 4; lastKnownFileType = sourcecode.swift; path = PostController.swift; sourceTree = "<group>"; };
		68E6F273272854E300384621 /* PostRequests.swift */ = {isa = PBXFileReference; fileEncoding = 4; lastKnownFileType = sourcecode.swift; path = PostRequests.swift; sourceTree = "<group>"; };
		68E6F2752728567A00384621 /* ImageRequests.swift */ = {isa = PBXFileReference; fileEncoding = 4; lastKnownFileType = sourcecode.swift; path = ImageRequests.swift; sourceTree = "<group>"; };
/* End PBXFileReference section */

/* Begin PBXFrameworksBuildPhase section */
		68D5BBF727217594002B5012 /* Frameworks */ = {
			isa = PBXFrameworksBuildPhase;
			buildActionMask = 2147483647;
			files = (
				68654A692722C5D50023559A /* Swifter in Frameworks */,
			);
			runOnlyForDeploymentPostprocessing = 0;
		};
		68D5BC0727217598002B5012 /* Frameworks */ = {
			isa = PBXFrameworksBuildPhase;
			buildActionMask = 2147483647;
			files = (
			);
			runOnlyForDeploymentPostprocessing = 0;
		};
		68D5BC1127217598002B5012 /* Frameworks */ = {
			isa = PBXFrameworksBuildPhase;
			buildActionMask = 2147483647;
			files = (
			);
			runOnlyForDeploymentPostprocessing = 0;
		};
/* End PBXFrameworksBuildPhase section */

/* Begin PBXGroup section */
		68654A662722BD0D0023559A /* Mocks */ = {
			isa = PBXGroup;
			children = (
				68654A642721CF000023559A /* JsonData.swift */,
			);
			path = Mocks;
			sourceTree = "<group>";
		};
		68654A6D2722D8290023559A /* Requests */ = {
			isa = PBXGroup;
			children = (
				68E6F273272854E300384621 /* PostRequests.swift */,
				68654A7C2722DE5A0023559A /* UserRequests.swift */,
				68E6F2752728567A00384621 /* ImageRequests.swift */,
			);
			path = Requests;
			sourceTree = "<group>";
		};
		68654A6E2722D84B0023559A /* Supporting Files */ = {
			isa = PBXGroup;
			children = (
				68654A812722EF280023559A /* CoolStoryregular.ttf */,
				68654A6A2722CF4E0023559A /* Info.plist */,
				68D5BC0127217597002B5012 /* Assets.xcassets */,
				68D5BBFD27217594002B5012 /* CatsgramApp.swift */,
			);
			path = "Supporting Files";
			sourceTree = "<group>";
		};
		68654A6F2722D8710023559A /* Service Layer */ = {
			isa = PBXGroup;
			children = (
				68654A702722D8940023559A /* Network Engine */,
				68654A6D2722D8290023559A /* Requests */,
				68654A712722D8B60023559A /* Models */,
			);
			path = "Service Layer";
			sourceTree = "<group>";
		};
		68654A702722D8940023559A /* Network Engine */ = {
			isa = PBXGroup;
			children = (
				68D5BC29272176C4002B5012 /* APIRequest.swift */,
				68654A5E27218CA00023559A /* APIClient.swift */,
				68654A6027218EBC0023559A /* APIEnvironment.swift */,
			);
			path = "Network Engine";
			sourceTree = "<group>";
		};
		68654A712722D8B60023559A /* Models */ = {
			isa = PBXGroup;
			children = (
				68D5BC27272175F7002B5012 /* Post.swift */,
				68654A7A2722DB570023559A /* UserAuthentication.swift */,
				68E6F2582726EABD00384621 /* Feed.swift */,
			);
			path = Models;
			sourceTree = "<group>";
		};
		68654A722722D8E20023559A /* UI */ = {
			isa = PBXGroup;
			children = (
				68D5BBFF27217594002B5012 /* MainView.swift */,
				68E6F269272737AE00384621 /* UserData.swift */,
				68E6F2552726D53200384621 /* Feed */,
				68E6F25E27271BDE00384621 /* Post */,
				68E6F2542726D51200384621 /* Onboarding */,
				68654A732722D9610023559A /* Helpers */,
			);
			path = UI;
			sourceTree = "<group>";
		};
		68654A732722D9610023559A /* Helpers */ = {
			isa = PBXGroup;
			children = (
				68654A752722D9610023559A /* Color+Catsgram.swift */,
				68654A7F2722ED610023559A /* AppTitle.swift */,
			);
			path = Helpers;
			sourceTree = "<group>";
		};
		68D5BBF127217594002B5012 = {
			isa = PBXGroup;
			children = (
				68D5BBFC27217594002B5012 /* Catsgram */,
				68D5BC0D27217598002B5012 /* CatsgramTests */,
				68D5BC1727217598002B5012 /* CatsgramUITests */,
				68D5BBFB27217594002B5012 /* Products */,
			);
			sourceTree = "<group>";
		};
		68D5BBFB27217594002B5012 /* Products */ = {
			isa = PBXGroup;
			children = (
				68D5BBFA27217594002B5012 /* Catsgram.app */,
				68D5BC0A27217598002B5012 /* CatsgramTests.xctest */,
				68D5BC1427217598002B5012 /* CatsgramUITests.xctest */,
			);
			name = Products;
			sourceTree = "<group>";
		};
		68D5BBFC27217594002B5012 /* Catsgram */ = {
			isa = PBXGroup;
			children = (
				68654A722722D8E20023559A /* UI */,
				68654A6F2722D8710023559A /* Service Layer */,
				68654A6E2722D84B0023559A /* Supporting Files */,
				68D5BC0327217597002B5012 /* Preview Content */,
			);
			path = Catsgram;
			sourceTree = "<group>";
		};
		68D5BC0327217597002B5012 /* Preview Content */ = {
			isa = PBXGroup;
			children = (
				68D5BC0427217597002B5012 /* Preview Assets.xcassets */,
			);
			path = "Preview Content";
			sourceTree = "<group>";
		};
		68D5BC0D27217598002B5012 /* CatsgramTests */ = {
			isa = PBXGroup;
			children = (
				68654A622721CE940023559A /* PostRequestTests.swift */,
				68654A6B2722D6B90023559A /* APIClientTests.swift */,
				68654A662722BD0D0023559A /* Mocks */,
			);
			path = CatsgramTests;
			sourceTree = "<group>";
		};
		68D5BC1727217598002B5012 /* CatsgramUITests */ = {
			isa = PBXGroup;
			children = (
				68D5BC1827217598002B5012 /* CatsgramUITests.swift */,
				68D5BC1A27217598002B5012 /* CatsgramUITestsLaunchTests.swift */,
			);
			path = CatsgramUITests;
			sourceTree = "<group>";
		};
		68E6F2542726D51200384621 /* Onboarding */ = {
			isa = PBXGroup;
			children = (
				68654A782722DA0A0023559A /* LoginSignupView.swift */,
			);
			path = Onboarding;
			sourceTree = "<group>";
		};
		68E6F2552726D53200384621 /* Feed */ = {
			isa = PBXGroup;
			children = (
				68E6F2562726D55C00384621 /* FeedView.swift */,
				68E6F25A2726F43B00384621 /* FeedCell.swift */,
				68E6F25C272711FC00384621 /* CommentCell.swift */,
			);
			path = Feed;
			sourceTree = "<group>";
		};
		68E6F25E27271BDE00384621 /* Post */ = {
			isa = PBXGroup;
			children = (
				68E6F26D27281CC800384621 /* PhotoCaptureController.swift */,
				68E6F26B27281A0100384621 /* CameraPreviewView.swift */,
				68E6F26127271CB100384621 /* TakePhotoViewController.swift */,
				68E6F2632727290100384621 /* TakePhotoStoryboard.storyboard */,
				68E6F267272733E100384621 /* CreatePostView.swift */,
				68E6F26F2728507200384621 /* AddDescriptionView.swift */,
				68E6F2712728540A00384621 /* PostController.swift */,
			);
			path = Post;
			sourceTree = "<group>";
		};
/* End PBXGroup section */

/* Begin PBXNativeTarget section */
		68D5BBF927217594002B5012 /* Catsgram */ = {
			isa = PBXNativeTarget;
			buildConfigurationList = 68D5BC1E27217598002B5012 /* Build configuration list for PBXNativeTarget "Catsgram" */;
			buildPhases = (
				68D5BBF627217594002B5012 /* Sources */,
				68D5BBF727217594002B5012 /* Frameworks */,
				68D5BBF827217594002B5012 /* Resources */,
			);
			buildRules = (
			);
			dependencies = (
			);
			name = Catsgram;
			packageProductDependencies = (
				68654A682722C5D50023559A /* Swifter */,
			);
			productName = Catsgram;
			productReference = 68D5BBFA27217594002B5012 /* Catsgram.app */;
			productType = "com.apple.product-type.application";
		};
		68D5BC0927217598002B5012 /* CatsgramTests */ = {
			isa = PBXNativeTarget;
			buildConfigurationList = 68D5BC2127217598002B5012 /* Build configuration list for PBXNativeTarget "CatsgramTests" */;
			buildPhases = (
				68D5BC0627217598002B5012 /* Sources */,
				68D5BC0727217598002B5012 /* Frameworks */,
				68D5BC0827217598002B5012 /* Resources */,
			);
			buildRules = (
			);
			dependencies = (
				68D5BC0C27217598002B5012 /* PBXTargetDependency */,
			);
			name = CatsgramTests;
			productName = CatsgramTests;
			productReference = 68D5BC0A27217598002B5012 /* CatsgramTests.xctest */;
			productType = "com.apple.product-type.bundle.unit-test";
		};
		68D5BC1327217598002B5012 /* CatsgramUITests */ = {
			isa = PBXNativeTarget;
			buildConfigurationList = 68D5BC2427217598002B5012 /* Build configuration list for PBXNativeTarget "CatsgramUITests" */;
			buildPhases = (
				68D5BC1027217598002B5012 /* Sources */,
				68D5BC1127217598002B5012 /* Frameworks */,
				68D5BC1227217598002B5012 /* Resources */,
			);
			buildRules = (
			);
			dependencies = (
				68D5BC1627217598002B5012 /* PBXTargetDependency */,
			);
			name = CatsgramUITests;
			productName = CatsgramUITests;
			productReference = 68D5BC1427217598002B5012 /* CatsgramUITests.xctest */;
			productType = "com.apple.product-type.bundle.ui-testing";
		};
/* End PBXNativeTarget section */

/* Begin PBXProject section */
		68D5BBF227217594002B5012 /* Project object */ = {
			isa = PBXProject;
			attributes = {
				BuildIndependentTargetsInParallel = 1;
				LastSwiftUpdateCheck = 1300;
				LastUpgradeCheck = 1300;
				TargetAttributes = {
					68D5BBF927217594002B5012 = {
						CreatedOnToolsVersion = 13.0;
					};
					68D5BC0927217598002B5012 = {
						CreatedOnToolsVersion = 13.0;
						LastSwiftMigration = 1300;
						TestTargetID = 68D5BBF927217594002B5012;
					};
					68D5BC1327217598002B5012 = {
						CreatedOnToolsVersion = 13.0;
						TestTargetID = 68D5BBF927217594002B5012;
					};
				};
			};
			buildConfigurationList = 68D5BBF527217594002B5012 /* Build configuration list for PBXProject "Catsgram" */;
			compatibilityVersion = "Xcode 13.0";
			developmentRegion = en;
			hasScannedForEncodings = 0;
			knownRegions = (
				en,
				Base,
			);
			mainGroup = 68D5BBF127217594002B5012;
			packageReferences = (
				68654A672722C5D50023559A /* XCRemoteSwiftPackageReference "swifter" */,
			);
			productRefGroup = 68D5BBFB27217594002B5012 /* Products */;
			projectDirPath = "";
			projectRoot = "";
			targets = (
				68D5BBF927217594002B5012 /* Catsgram */,
				68D5BC0927217598002B5012 /* CatsgramTests */,
				68D5BC1327217598002B5012 /* CatsgramUITests */,
			);
		};
/* End PBXProject section */

/* Begin PBXResourcesBuildPhase section */
		68D5BBF827217594002B5012 /* Resources */ = {
			isa = PBXResourcesBuildPhase;
			buildActionMask = 2147483647;
			files = (
				68654A822722F1E50023559A /* CoolStoryregular.ttf in Resources */,
				68E6F2642727290100384621 /* TakePhotoStoryboard.storyboard in Resources */,
				68D5BC0527217597002B5012 /* Preview Assets.xcassets in Resources */,
				68D5BC0227217597002B5012 /* Assets.xcassets in Resources */,
			);
			runOnlyForDeploymentPostprocessing = 0;
		};
		68D5BC0827217598002B5012 /* Resources */ = {
			isa = PBXResourcesBuildPhase;
			buildActionMask = 2147483647;
			files = (
			);
			runOnlyForDeploymentPostprocessing = 0;
		};
		68D5BC1227217598002B5012 /* Resources */ = {
			isa = PBXResourcesBuildPhase;
			buildActionMask = 2147483647;
			files = (
				68654A832722F2000023559A /* CoolStoryregular.ttf in Resources */,
			);
			runOnlyForDeploymentPostprocessing = 0;
		};
/* End PBXResourcesBuildPhase section */

/* Begin PBXSourcesBuildPhase section */
		68D5BBF627217594002B5012 /* Sources */ = {
			isa = PBXSourcesBuildPhase;
			buildActionMask = 2147483647;
			files = (
				68654A802722ED610023559A /* AppTitle.swift in Sources */,
				68654A7B2722DB570023559A /* UserAuthentication.swift in Sources */,
				68654A7D2722DE5A0023559A /* UserRequests.swift in Sources */,
				68E6F26A272737AE00384621 /* UserData.swift in Sources */,
				68E6F2592726EABD00384621 /* Feed.swift in Sources */,
				68E6F2762728567A00384621 /* ImageRequests.swift in Sources */,
				68654A792722DA0A0023559A /* LoginSignupView.swift in Sources */,
				68D5BC28272175F7002B5012 /* Post.swift in Sources */,
				68E6F274272854E300384621 /* PostRequests.swift in Sources */,
				68E6F2702728507200384621 /* AddDescriptionView.swift in Sources */,
				68D5BC0027217594002B5012 /* MainView.swift in Sources */,
				68654A772722D9610023559A /* Color+Catsgram.swift in Sources */,
				68E6F26E27281CC800384621 /* PhotoCaptureController.swift in Sources */,
				68D5BC2A272176C4002B5012 /* APIRequest.swift in Sources */,
				68D5BBFE27217594002B5012 /* CatsgramApp.swift in Sources */,
				68E6F26C27281A0100384621 /* CameraPreviewView.swift in Sources */,
				68E6F2722728540A00384621 /* PostController.swift in Sources */,
				68E6F25B2726F43B00384621 /* FeedCell.swift in Sources */,
				68E6F2572726D55C00384621 /* FeedView.swift in Sources */,
				68E6F26227271CB100384621 /* TakePhotoViewController.swift in Sources */,
				68E6F268272733E100384621 /* CreatePostView.swift in Sources */,
				68654A5F27218CA00023559A /* APIClient.swift in Sources */,
				68654A6127218EBC0023559A /* APIEnvironment.swift in Sources */,
				68E6F25D272711FC00384621 /* CommentCell.swift in Sources */,
			);
			runOnlyForDeploymentPostprocessing = 0;
		};
		68D5BC0627217598002B5012 /* Sources */ = {
			isa = PBXSourcesBuildPhase;
			buildActionMask = 2147483647;
			files = (
				68654A6C2722D6B90023559A /* APIClientTests.swift in Sources */,
				68654A632721CE940023559A /* PostRequestTests.swift in Sources */,
				68654A652721CF000023559A /* JsonData.swift in Sources */,
			);
			runOnlyForDeploymentPostprocessing = 0;
		};
		68D5BC1027217598002B5012 /* Sources */ = {
			isa = PBXSourcesBuildPhase;
			buildActionMask = 2147483647;
			files = (
				68D5BC1B27217598002B5012 /* CatsgramUITestsLaunchTests.swift in Sources */,
				68D5BC1927217598002B5012 /* CatsgramUITests.swift in Sources */,
			);
			runOnlyForDeploymentPostprocessing = 0;
		};
/* End PBXSourcesBuildPhase section */

/* Begin PBXTargetDependency section */
		68D5BC0C27217598002B5012 /* PBXTargetDependency */ = {
			isa = PBXTargetDependency;
			target = 68D5BBF927217594002B5012 /* Catsgram */;
			targetProxy = 68D5BC0B27217598002B5012 /* PBXContainerItemProxy */;
		};
		68D5BC1627217598002B5012 /* PBXTargetDependency */ = {
			isa = PBXTargetDependency;
			target = 68D5BBF927217594002B5012 /* Catsgram */;
			targetProxy = 68D5BC1527217598002B5012 /* PBXContainerItemProxy */;
		};
/* End PBXTargetDependency section */

/* Begin XCBuildConfiguration section */
		68D5BC1C27217598002B5012 /* Debug */ = {
			isa = XCBuildConfiguration;
			buildSettings = {
				ALWAYS_SEARCH_USER_PATHS = NO;
				CLANG_ANALYZER_NONNULL = YES;
				CLANG_ANALYZER_NUMBER_OBJECT_CONVERSION = YES_AGGRESSIVE;
				CLANG_CXX_LANGUAGE_STANDARD = "gnu++17";
				CLANG_CXX_LIBRARY = "libc++";
				CLANG_ENABLE_MODULES = YES;
				CLANG_ENABLE_OBJC_ARC = YES;
				CLANG_ENABLE_OBJC_WEAK = YES;
				CLANG_WARN_BLOCK_CAPTURE_AUTORELEASING = YES;
				CLANG_WARN_BOOL_CONVERSION = YES;
				CLANG_WARN_COMMA = YES;
				CLANG_WARN_CONSTANT_CONVERSION = YES;
				CLANG_WARN_DEPRECATED_OBJC_IMPLEMENTATIONS = YES;
				CLANG_WARN_DIRECT_OBJC_ISA_USAGE = YES_ERROR;
				CLANG_WARN_DOCUMENTATION_COMMENTS = YES;
				CLANG_WARN_EMPTY_BODY = YES;
				CLANG_WARN_ENUM_CONVERSION = YES;
				CLANG_WARN_INFINITE_RECURSION = YES;
				CLANG_WARN_INT_CONVERSION = YES;
				CLANG_WARN_NON_LITERAL_NULL_CONVERSION = YES;
				CLANG_WARN_OBJC_IMPLICIT_RETAIN_SELF = YES;
				CLANG_WARN_OBJC_LITERAL_CONVERSION = YES;
				CLANG_WARN_OBJC_ROOT_CLASS = YES_ERROR;
				CLANG_WARN_QUOTED_INCLUDE_IN_FRAMEWORK_HEADER = YES;
				CLANG_WARN_RANGE_LOOP_ANALYSIS = YES;
				CLANG_WARN_STRICT_PROTOTYPES = YES;
				CLANG_WARN_SUSPICIOUS_MOVE = YES;
				CLANG_WARN_UNGUARDED_AVAILABILITY = YES_AGGRESSIVE;
				CLANG_WARN_UNREACHABLE_CODE = YES;
				CLANG_WARN__DUPLICATE_METHOD_MATCH = YES;
				COPY_PHASE_STRIP = NO;
				DEBUG_INFORMATION_FORMAT = dwarf;
				ENABLE_STRICT_OBJC_MSGSEND = YES;
				ENABLE_TESTABILITY = YES;
				GCC_C_LANGUAGE_STANDARD = gnu11;
				GCC_DYNAMIC_NO_PIC = NO;
				GCC_NO_COMMON_BLOCKS = YES;
				GCC_OPTIMIZATION_LEVEL = 0;
				GCC_PREPROCESSOR_DEFINITIONS = (
					"DEBUG=1",
					"$(inherited)",
				);
				GCC_WARN_64_TO_32_BIT_CONVERSION = YES;
				GCC_WARN_ABOUT_RETURN_TYPE = YES_ERROR;
				GCC_WARN_UNDECLARED_SELECTOR = YES;
				GCC_WARN_UNINITIALIZED_AUTOS = YES_AGGRESSIVE;
				GCC_WARN_UNUSED_FUNCTION = YES;
				GCC_WARN_UNUSED_VARIABLE = YES;
				IPHONEOS_DEPLOYMENT_TARGET = 15.0;
				MTL_ENABLE_DEBUG_INFO = INCLUDE_SOURCE;
				MTL_FAST_MATH = YES;
				ONLY_ACTIVE_ARCH = YES;
				SDKROOT = iphoneos;
				SWIFT_ACTIVE_COMPILATION_CONDITIONS = DEBUG;
				SWIFT_OPTIMIZATION_LEVEL = "-Onone";
			};
			name = Debug;
		};
		68D5BC1D27217598002B5012 /* Release */ = {
			isa = XCBuildConfiguration;
			buildSettings = {
				ALWAYS_SEARCH_USER_PATHS = NO;
				CLANG_ANALYZER_NONNULL = YES;
				CLANG_ANALYZER_NUMBER_OBJECT_CONVERSION = YES_AGGRESSIVE;
				CLANG_CXX_LANGUAGE_STANDARD = "gnu++17";
				CLANG_CXX_LIBRARY = "libc++";
				CLANG_ENABLE_MODULES = YES;
				CLANG_ENABLE_OBJC_ARC = YES;
				CLANG_ENABLE_OBJC_WEAK = YES;
				CLANG_WARN_BLOCK_CAPTURE_AUTORELEASING = YES;
				CLANG_WARN_BOOL_CONVERSION = YES;
				CLANG_WARN_COMMA = YES;
				CLANG_WARN_CONSTANT_CONVERSION = YES;
				CLANG_WARN_DEPRECATED_OBJC_IMPLEMENTATIONS = YES;
				CLANG_WARN_DIRECT_OBJC_ISA_USAGE = YES_ERROR;
				CLANG_WARN_DOCUMENTATION_COMMENTS = YES;
				CLANG_WARN_EMPTY_BODY = YES;
				CLANG_WARN_ENUM_CONVERSION = YES;
				CLANG_WARN_INFINITE_RECURSION = YES;
				CLANG_WARN_INT_CONVERSION = YES;
				CLANG_WARN_NON_LITERAL_NULL_CONVERSION = YES;
				CLANG_WARN_OBJC_IMPLICIT_RETAIN_SELF = YES;
				CLANG_WARN_OBJC_LITERAL_CONVERSION = YES;
				CLANG_WARN_OBJC_ROOT_CLASS = YES_ERROR;
				CLANG_WARN_QUOTED_INCLUDE_IN_FRAMEWORK_HEADER = YES;
				CLANG_WARN_RANGE_LOOP_ANALYSIS = YES;
				CLANG_WARN_STRICT_PROTOTYPES = YES;
				CLANG_WARN_SUSPICIOUS_MOVE = YES;
				CLANG_WARN_UNGUARDED_AVAILABILITY = YES_AGGRESSIVE;
				CLANG_WARN_UNREACHABLE_CODE = YES;
				CLANG_WARN__DUPLICATE_METHOD_MATCH = YES;
				COPY_PHASE_STRIP = NO;
				DEBUG_INFORMATION_FORMAT = "dwarf-with-dsym";
				ENABLE_NS_ASSERTIONS = NO;
				ENABLE_STRICT_OBJC_MSGSEND = YES;
				GCC_C_LANGUAGE_STANDARD = gnu11;
				GCC_NO_COMMON_BLOCKS = YES;
				GCC_WARN_64_TO_32_BIT_CONVERSION = YES;
				GCC_WARN_ABOUT_RETURN_TYPE = YES_ERROR;
				GCC_WARN_UNDECLARED_SELECTOR = YES;
				GCC_WARN_UNINITIALIZED_AUTOS = YES_AGGRESSIVE;
				GCC_WARN_UNUSED_FUNCTION = YES;
				GCC_WARN_UNUSED_VARIABLE = YES;
				IPHONEOS_DEPLOYMENT_TARGET = 15.0;
				MTL_ENABLE_DEBUG_INFO = NO;
				MTL_FAST_MATH = YES;
				SDKROOT = iphoneos;
				SWIFT_COMPILATION_MODE = wholemodule;
				SWIFT_OPTIMIZATION_LEVEL = "-O";
				VALIDATE_PRODUCT = YES;
			};
			name = Release;
		};
		68D5BC1F27217598002B5012 /* Debug */ = {
			isa = XCBuildConfiguration;
			buildSettings = {
				ASSETCATALOG_COMPILER_APPICON_NAME = AppIcon;
				ASSETCATALOG_COMPILER_GLOBAL_ACCENT_COLOR_NAME = AccentColor;
				CODE_SIGN_STYLE = Automatic;
				CURRENT_PROJECT_VERSION = 1;
				DEVELOPMENT_ASSET_PATHS = "\"Catsgram/Preview Content\"";
				DEVELOPMENT_TEAM = 4U2DW67G88;
				ENABLE_PREVIEWS = YES;
				GENERATE_INFOPLIST_FILE = YES;
				INFOPLIST_FILE = "Catsgram/Supporting Files/Info.plist";
				INFOPLIST_KEY_LSApplicationCategoryType = "";
				INFOPLIST_KEY_UIApplicationSceneManifest_Generation = YES;
				INFOPLIST_KEY_UIApplicationSupportsIndirectInputEvents = YES;
				INFOPLIST_KEY_UILaunchScreen_Generation = YES;
				INFOPLIST_KEY_UISupportedInterfaceOrientations_iPad = "UIInterfaceOrientationPortrait UIInterfaceOrientationPortraitUpsideDown UIInterfaceOrientationLandscapeLeft UIInterfaceOrientationLandscapeRight";
				INFOPLIST_KEY_UISupportedInterfaceOrientations_iPhone = "UIInterfaceOrientationPortrait UIInterfaceOrientationLandscapeLeft UIInterfaceOrientationLandscapeRight";
				IPHONEOS_DEPLOYMENT_TARGET = 14.0;
				LD_RUNPATH_SEARCH_PATHS = (
					"$(inherited)",
					"@executable_path/Frameworks",
				);
				MARKETING_VERSION = 1.0;
				PRODUCT_BUNDLE_IDENTIFIER = com.bogdanov.app.Catsgram;
				PRODUCT_NAME = "$(TARGET_NAME)";
				SWIFT_EMIT_LOC_STRINGS = YES;
				SWIFT_VERSION = 5.0;
				TARGETED_DEVICE_FAMILY = "1,2";
			};
			name = Debug;
		};
		68D5BC2027217598002B5012 /* Release */ = {
			isa = XCBuildConfiguration;
			buildSettings = {
				ASSETCATALOG_COMPILER_APPICON_NAME = AppIcon;
				ASSETCATALOG_COMPILER_GLOBAL_ACCENT_COLOR_NAME = AccentColor;
				CODE_SIGN_STYLE = Automatic;
				CURRENT_PROJECT_VERSION = 1;
				DEVELOPMENT_ASSET_PATHS = "\"Catsgram/Preview Content\"";
				DEVELOPMENT_TEAM = 4U2DW67G88;
				ENABLE_PREVIEWS = YES;
				GENERATE_INFOPLIST_FILE = YES;
				INFOPLIST_FILE = "Catsgram/Supporting Files/Info.plist";
				INFOPLIST_KEY_LSApplicationCategoryType = "";
				INFOPLIST_KEY_UIApplicationSceneManifest_Generation = YES;
				INFOPLIST_KEY_UIApplicationSupportsIndirectInputEvents = YES;
				INFOPLIST_KEY_UILaunchScreen_Generation = YES;
				INFOPLIST_KEY_UISupportedInterfaceOrientations_iPad = "UIInterfaceOrientationPortrait UIInterfaceOrientationPortraitUpsideDown UIInterfaceOrientationLandscapeLeft UIInterfaceOrientationLandscapeRight";
				INFOPLIST_KEY_UISupportedInterfaceOrientations_iPhone = "UIInterfaceOrientationPortrait UIInterfaceOrientationLandscapeLeft UIInterfaceOrientationLandscapeRight";
				IPHONEOS_DEPLOYMENT_TARGET = 14.0;
				LD_RUNPATH_SEARCH_PATHS = (
					"$(inherited)",
					"@executable_path/Frameworks",
				);
				MARKETING_VERSION = 1.0;
				PRODUCT_BUNDLE_IDENTIFIER = com.bogdanov.app.Catsgram;
				PRODUCT_NAME = "$(TARGET_NAME)";
				SWIFT_EMIT_LOC_STRINGS = YES;
				SWIFT_VERSION = 5.0;
				TARGETED_DEVICE_FAMILY = "1,2";
			};
			name = Release;
		};
		68D5BC2227217598002B5012 /* Debug */ = {
			isa = XCBuildConfiguration;
			buildSettings = {
				ALWAYS_EMBED_SWIFT_STANDARD_LIBRARIES = YES;
				BUNDLE_LOADER = "$(TEST_HOST)";
				CLANG_ENABLE_MODULES = YES;
				CODE_SIGN_STYLE = Automatic;
				CURRENT_PROJECT_VERSION = 1;
				DEVELOPMENT_TEAM = 4U2DW67G88;
				GENERATE_INFOPLIST_FILE = YES;
				IPHONEOS_DEPLOYMENT_TARGET = 14.0;
				LD_RUNPATH_SEARCH_PATHS = (
					"$(inherited)",
					"@executable_path/Frameworks",
					"@loader_path/Frameworks",
				);
				MARKETING_VERSION = 1.0;
				PRODUCT_BUNDLE_IDENTIFIER = com.bogdanov.app.CatsgramTests;
				PRODUCT_NAME = "$(TARGET_NAME)";
				SWIFT_EMIT_LOC_STRINGS = NO;
				SWIFT_OPTIMIZATION_LEVEL = "-Onone";
				SWIFT_VERSION = 5.0;
				TARGETED_DEVICE_FAMILY = "1,2";
				TEST_HOST = "$(BUILT_PRODUCTS_DIR)/Catsgram.app/Catsgram";
			};
			name = Debug;
		};
		68D5BC2327217598002B5012 /* Release */ = {
			isa = XCBuildConfiguration;
			buildSettings = {
				ALWAYS_EMBED_SWIFT_STANDARD_LIBRARIES = YES;
				BUNDLE_LOADER = "$(TEST_HOST)";
				CLANG_ENABLE_MODULES = YES;
				CODE_SIGN_STYLE = Automatic;
				CURRENT_PROJECT_VERSION = 1;
				DEVELOPMENT_TEAM = 4U2DW67G88;
				GENERATE_INFOPLIST_FILE = YES;
				IPHONEOS_DEPLOYMENT_TARGET = 14.0;
				LD_RUNPATH_SEARCH_PATHS = (
					"$(inherited)",
					"@executable_path/Frameworks",
					"@loader_path/Frameworks",
				);
				MARKETING_VERSION = 1.0;
				PRODUCT_BUNDLE_IDENTIFIER = com.bogdanov.app.CatsgramTests;
				PRODUCT_NAME = "$(TARGET_NAME)";
				SWIFT_EMIT_LOC_STRINGS = NO;
				SWIFT_VERSION = 5.0;
				TARGETED_DEVICE_FAMILY = "1,2";
				TEST_HOST = "$(BUILT_PRODUCTS_DIR)/Catsgram.app/Catsgram";
			};
			name = Release;
		};
		68D5BC2527217598002B5012 /* Debug */ = {
			isa = XCBuildConfiguration;
			buildSettings = {
				ALWAYS_EMBED_SWIFT_STANDARD_LIBRARIES = YES;
				CODE_SIGN_STYLE = Automatic;
				CURRENT_PROJECT_VERSION = 1;
				DEVELOPMENT_TEAM = 4U2DW67G88;
				GENERATE_INFOPLIST_FILE = YES;
				LD_RUNPATH_SEARCH_PATHS = (
					"$(inherited)",
					"@executable_path/Frameworks",
					"@loader_path/Frameworks",
				);
				MARKETING_VERSION = 1.0;
				PRODUCT_BUNDLE_IDENTIFIER = com.bogdanov.app.CatsgramUITests;
				PRODUCT_NAME = "$(TARGET_NAME)";
				SWIFT_EMIT_LOC_STRINGS = NO;
				SWIFT_VERSION = 5.0;
				TARGETED_DEVICE_FAMILY = "1,2";
				TEST_TARGET_NAME = Catsgram;
			};
			name = Debug;
		};
		68D5BC2627217598002B5012 /* Release */ = {
			isa = XCBuildConfiguration;
			buildSettings = {
				ALWAYS_EMBED_SWIFT_STANDARD_LIBRARIES = YES;
				CODE_SIGN_STYLE = Automatic;
				CURRENT_PROJECT_VERSION = 1;
				DEVELOPMENT_TEAM = 4U2DW67G88;
				GENERATE_INFOPLIST_FILE = YES;
				LD_RUNPATH_SEARCH_PATHS = (
					"$(inherited)",
					"@executable_path/Frameworks",
					"@loader_path/Frameworks",
				);
				MARKETING_VERSION = 1.0;
				PRODUCT_BUNDLE_IDENTIFIER = com.bogdanov.app.CatsgramUITests;
				PRODUCT_NAME = "$(TARGET_NAME)";
				SWIFT_EMIT_LOC_STRINGS = NO;
				SWIFT_VERSION = 5.0;
				TARGETED_DEVICE_FAMILY = "1,2";
				TEST_TARGET_NAME = Catsgram;
			};
			name = Release;
		};
/* End XCBuildConfiguration section */

/* Begin XCConfigurationList section */
		68D5BBF527217594002B5012 /* Build configuration list for PBXProject "Catsgram" */ = {
			isa = XCConfigurationList;
			buildConfigurations = (
				68D5BC1C27217598002B5012 /* Debug */,
				68D5BC1D27217598002B5012 /* Release */,
			);
			defaultConfigurationIsVisible = 0;
			defaultConfigurationName = Release;
		};
		68D5BC1E27217598002B5012 /* Build configuration list for PBXNativeTarget "Catsgram" */ = {
			isa = XCConfigurationList;
			buildConfigurations = (
				68D5BC1F27217598002B5012 /* Debug */,
				68D5BC2027217598002B5012 /* Release */,
			);
			defaultConfigurationIsVisible = 0;
			defaultConfigurationName = Release;
		};
		68D5BC2127217598002B5012 /* Build configuration list for PBXNativeTarget "CatsgramTests" */ = {
			isa = XCConfigurationList;
			buildConfigurations = (
				68D5BC2227217598002B5012 /* Debug */,
				68D5BC2327217598002B5012 /* Release */,
			);
			defaultConfigurationIsVisible = 0;
			defaultConfigurationName = Release;
		};
		68D5BC2427217598002B5012 /* Build configuration list for PBXNativeTarget "CatsgramUITests" */ = {
			isa = XCConfigurationList;
			buildConfigurations = (
				68D5BC2527217598002B5012 /* Debug */,
				68D5BC2627217598002B5012 /* Release */,
			);
			defaultConfigurationIsVisible = 0;
			defaultConfigurationName = Release;
		};
/* End XCConfigurationList section */

/* Begin XCRemoteSwiftPackageReference section */
		68654A672722C5D50023559A /* XCRemoteSwiftPackageReference "swifter" */ = {
			isa = XCRemoteSwiftPackageReference;
			repositoryURL = "https://github.com/httpswift/swifter.git";
			requirement = {
				branch = stable;
				kind = branch;
			};
		};
/* End XCRemoteSwiftPackageReference section */

/* Begin XCSwiftPackageProductDependency section */
		68654A682722C5D50023559A /* Swifter */ = {
			isa = XCSwiftPackageProductDependency;
			package = 68654A672722C5D50023559A /* XCRemoteSwiftPackageReference "swifter" */;
			productName = Swifter;
		};
/* End XCSwiftPackageProductDependency section */
	};
	rootObject = 68D5BBF227217594002B5012 /* Project object */;
}
